
Microsoft Visual Studio Solution File, Format Version 12.00
# Visual Studio 15
VisualStudioVersion = 15.0.27428.2015
MinimumVisualStudioVersion = 10.0.40219.1
Project("{DA7A21FA-8162-4350-AD77-A8D1B671F3ED}") = "mlrbn", "mlrbn.rxproj", "{3CB858D0-4DF5-4584-955F-8D29DF08BDB5}"
EndProject
Global
	GlobalSection(SolutionConfigurationPlatforms) = preSolution
		Debug|Any CPU = Debug|Any CPU
		Release|Any CPU = Release|Any CPU
	EndGlobalSection
	GlobalSection(ProjectConfigurationPlatforms) = postSolution
		{3CB858D0-4DF5-4584-955F-8D29DF08BDB5}.Debug|Any CPU.ActiveCfg = Debug|Any CPU
		{3CB858D0-4DF5-4584-955F-8D29DF08BDB5}.Debug|Any CPU.Build.0 = Debug|Any CPU
		{3CB858D0-4DF5-4584-955F-8D29DF08BDB5}.Release|Any CPU.ActiveCfg = Release|Any CPU
		{3CB858D0-4DF5-4584-955F-8D29DF08BDB5}.Release|Any CPU.Build.0 = Release|Any CPU
	EndGlobalSection
	GlobalSection(SolutionProperties) = preSolution
		HideSolutionNode = FALSE
	EndGlobalSection
	GlobalSection(ExtensibilityGlobals) = postSolution
		SolutionGuid = {C5BEC34E-4D66-4F6D-993B-C539CBFCF7FD}
	EndGlobalSection
EndGlobal
