
Microsoft Visual Studio Solution File, Format Version 12.00
# Visual Studio 15
VisualStudioVersion = 15.0.27428.2002
MinimumVisualStudioVersion = 10.0.40219.1
Project("{DA7A21FA-8162-4350-AD77-A8D1B671F3ED}") = "TestProject", "TestProject\TestProject.rxproj", "{C325B8CC-3385-44A4-9740-65EEFA77010B}"
EndProject
Global
	GlobalSection(SolutionConfigurationPlatforms) = preSolution
		Debug|Any CPU = Debug|Any CPU
		Release|Any CPU = Release|Any CPU
	EndGlobalSection
	GlobalSection(ProjectConfigurationPlatforms) = postSolution
		{C325B8CC-3385-44A4-9740-65EEFA77010B}.Debug|Any CPU.ActiveCfg = Debug|Any CPU
		{C325B8CC-3385-44A4-9740-65EEFA77010B}.Debug|Any CPU.Build.0 = Debug|Any CPU
		{C325B8CC-3385-44A4-9740-65EEFA77010B}.Release|Any CPU.ActiveCfg = Release|Any CPU
		{C325B8CC-3385-44A4-9740-65EEFA77010B}.Release|Any CPU.Build.0 = Release|Any CPU
	EndGlobalSection
	GlobalSection(SolutionProperties) = preSolution
		HideSolutionNode = FALSE
	EndGlobalSection
	GlobalSection(ExtensibilityGlobals) = postSolution
		SolutionGuid = {20B9EDB9-3836-41FB-B424-4C264AA57B3B}
	EndGlobalSection
EndGlobal
